
Microsoft Visual Studio Solution File, Format Version 12.00
# Visual Studio Version 17
VisualStudioVersion = 17.3.32825.248
MinimumVisualStudioVersion = 10.0.40219.1
Project("{2150E333-8FDC-42A3-9474-1A3956D46DE8}") = "Solution Items", "Solution Items", "{951BCD53-09E1-4548-9E24-BF658E76E2F6}"
	ProjectSection(SolutionItems) = preProject
		Scripts\NorthContactst.sql = Scripts\NorthContactst.sql
		readme.md = readme.md
		ReverseEngineer.md = ReverseEngineer.md
	EndProjectSection
EndProject
Project("{9A19103F-16F7-4668-BE54-9A1E7A4F7556}") = "ParameterizingValuesApp", "ParameterizingValuesApp\ParameterizingValuesApp.csproj", "{454DAFBD-10D0-4D16-8D9C-390800FF611D}"
EndProject
Project("{2150E333-8FDC-42A3-9474-1A3956D46DE8}") = "Class projects", "Class projects", "{CA35389C-A6AB-4CCA-9C0C-FB3357D708A0}"
EndProject
Project("{9A19103F-16F7-4668-BE54-9A1E7A4F7556}") = "EntityFrameworkCoreHelpers", "EntityFrameworkCoreHelpers\EntityFrameworkCoreHelpers.csproj", "{061950B0-58AF-4AD5-AE64-7111BDB2BF0D}"
EndProject
Project("{9A19103F-16F7-4668-BE54-9A1E7A4F7556}") = "EntityCore5Extensions", "EntityCore5Extensions\EntityCore5Extensions.csproj", "{46FBB50B-C8E4-4745-9CD4-7F7C63F27DCE}"
EndProject
Project("{9A19103F-16F7-4668-BE54-9A1E7A4F7556}") = "ModelCommentsApp", "ModelCommentsApp\ModelCommentsApp.csproj", "{9179C678-880A-43AF-89CF-B2E2CBC86110}"
EndProject
Project("{9A19103F-16F7-4668-BE54-9A1E7A4F7556}") = "ColumnOrderFromMicrosoftApp", "ColumnOrderFromMicrosoftApp\ColumnOrderFromMicrosoftApp.csproj", "{AAECCE01-510C-4513-A019-E93426E9445F}"
EndProject
Project("{9A19103F-16F7-4668-BE54-9A1E7A4F7556}") = "NorthWindContactsApp", "NorthWindContactsApp\NorthWindContactsApp.csproj", "{6676C762-07B7-477B-8328-5505C117FCD2}"
EndProject
Project("{9A19103F-16F7-4668-BE54-9A1E7A4F7556}") = "ModelCommentsApp1", "ModelCommentsApp1\ModelCommentsApp1.csproj", "{9A1A6AA2-B6CE-4492-A30F-FBAB6F249A61}"
EndProject
Project("{9A19103F-16F7-4668-BE54-9A1E7A4F7556}") = "LoggingOptionsApp", "LoggingOptionsApp\LoggingOptionsApp.csproj", "{14FAB7E0-0A6D-433C-9ADB-E9A50C323A2E}"
EndProject
Project("{9A19103F-16F7-4668-BE54-9A1E7A4F7556}") = "ExtensionsLibrary", "ExtensionsLibrary\ExtensionsLibrary.csproj", "{9984FB55-2848-4D53-8BC8-1CC6EA2D0962}"
EndProject
Project("{9A19103F-16F7-4668-BE54-9A1E7A4F7556}") = "NorthWind2020ConsoleApp", "NorthWind2020ConsoleApp\NorthWind2020ConsoleApp.csproj", "{A7F335D8-55DA-400B-A958-E43B9644D633}"
EndProject
Project("{9A19103F-16F7-4668-BE54-9A1E7A4F7556}") = "InjectApp", "InjectApp\InjectApp.csproj", "{E7F9EB35-23A9-46F4-AD3B-280D29A231DD}"
EndProject
Project("{2150E333-8FDC-42A3-9474-1A3956D46DE8}") = "Console projects", "Console projects", "{8BEE2EDB-AFBE-40B2-B10B-BF45A1335208}"
EndProject
Project("{9A19103F-16F7-4668-BE54-9A1E7A4F7556}") = "GetStartedWinForms", "GetStartedWinForms\GetStartedWinForms.csproj", "{875CBCCA-E986-4A89-9C5A-67846D5DEEEA}"
EndProject
Project("{2150E333-8FDC-42A3-9474-1A3956D46DE8}") = "Windows forms projects", "Windows forms projects", "{B53A62BA-F808-461D-904B-657C3AD99F28}"
EndProject
Project("{9A19103F-16F7-4668-BE54-9A1E7A4F7556}") = "ValueConversionsEncryptProperty", "ValueConversionsEncryptProperty\ValueConversionsEncryptProperty.csproj", "{466C8AFC-2677-4672-B2D1-AF8C815E0136}"
EndProject
Project("{9A19103F-16F7-4668-BE54-9A1E7A4F7556}") = "TaxpayerLibraryEntityVersion", "TaxpayerLibraryEntityVersion\TaxpayerLibraryEntityVersion.csproj", "{560E1F24-71C6-44EC-AB63-55025CEFEBDB}"
EndProject
Project("{9A19103F-16F7-4668-BE54-9A1E7A4F7556}") = "TaxpayerMocking", "TaxpayerMocking\TaxpayerMocking.csproj", "{C371CDD6-7F92-4338-AD0D-B5EE170A8ED5}"
EndProject
Project("{9A19103F-16F7-4668-BE54-9A1E7A4F7556}") = "TaxpayersConcurrencyCheck", "TaxpayersConcurrencyCheck\TaxpayersConcurrencyCheck.csproj", "{22010BDF-7C29-4979-8A8C-E4861F337F89}"
EndProject
Project("{9A19103F-16F7-4668-BE54-9A1E7A4F7556}") = "DbContextPooling", "DbContextPooling\DbContextPooling.csproj", "{7A53DD7F-8E01-4F05-B65F-600058017396}"
EndProject
Project("{FAE04EC0-301F-11D3-BF4B-00C04F79EFBC}") = "NorthToBindingListWinForms", "NorthToBindingListWinForms\NorthToBindingListWinForms.csproj", "{00C0C63D-C137-40C6-82E3-74674D6E83FB}"
EndProject
Project("{9A19103F-16F7-4668-BE54-9A1E7A4F7556}") = "SelectiveUpdatesApp", "SelectiveUpdatesApp\SelectiveUpdatesApp.csproj", "{BD0D96F4-7D9B-4DE2-A474-F42160DD9D92}"
EndProject
Project("{9A19103F-16F7-4668-BE54-9A1E7A4F7556}") = "NorthWind2022Library", "NorthWind2022Library\NorthWind2022Library.csproj", "{2B6C1745-A6B4-4477-8AAC-B3275FDBC0FD}"
EndProject
Project("{9A19103F-16F7-4668-BE54-9A1E7A4F7556}") = "SortByColumnNameApp", "SortByColumnNameApp\SortByColumnNameApp.csproj", "{C02F7693-D143-4039-AD2F-85CA64170708}"
EndProject
Project("{9A19103F-16F7-4668-BE54-9A1E7A4F7556}") = "TaxpayerEvents", "TaxpayerEvents\TaxpayerEvents.csproj", "{9DD41CC0-16DC-4086-A9AE-76D342D269E3}"
EndProject
Project("{9A19103F-16F7-4668-BE54-9A1E7A4F7556}") = "NorthWind2020ConsoleAppCore7", "NorthWind2020ConsoleAppCore7\NorthWind2020ConsoleAppCore7.csproj", "{8F94FFC1-9CB5-4414-9F61-D628C154E953}"
EndProject
Project("{9A19103F-16F7-4668-BE54-9A1E7A4F7556}") = "GetWeekendDatesCorrectlyAppCore7", "GetWeekendDatesCorrectlyAppCore7\GetWeekendDatesCorrectlyAppCore7.csproj", "{B172CCC1-A2AB-4AF1-B84B-54B35CFF66B9}"
EndProject
Project("{2150E333-8FDC-42A3-9474-1A3956D46DE8}") = "Sqlite", "Sqlite", "{B6C0E962-8124-43A7-B656-56B3D8435EA9}"
EndProject
Project("{FAE04EC0-301F-11D3-BF4B-00C04F79EFBC}") = "SqlLiteSimpleApp", "SqlLiteSimpleApp\SqlLiteSimpleApp.csproj", "{283964D3-680D-4A2B-9C7D-2BB23ED83600}"
EndProject
Global
	GlobalSection(SolutionConfigurationPlatforms) = preSolution
		Debug|Any CPU = Debug|Any CPU
		Release|Any CPU = Release|Any CPU
	EndGlobalSection
	GlobalSection(ProjectConfigurationPlatforms) = postSolution
		{454DAFBD-10D0-4D16-8D9C-390800FF611D}.Debug|Any CPU.ActiveCfg = Debug|Any CPU
		{454DAFBD-10D0-4D16-8D9C-390800FF611D}.Debug|Any CPU.Build.0 = Debug|Any CPU
		{454DAFBD-10D0-4D16-8D9C-390800FF611D}.Release|Any CPU.ActiveCfg = Release|Any CPU
		{454DAFBD-10D0-4D16-8D9C-390800FF611D}.Release|Any CPU.Build.0 = Release|Any CPU
		{061950B0-58AF-4AD5-AE64-7111BDB2BF0D}.Debug|Any CPU.ActiveCfg = Debug|Any CPU
		{061950B0-58AF-4AD5-AE64-7111BDB2BF0D}.Debug|Any CPU.Build.0 = Debug|Any CPU
		{061950B0-58AF-4AD5-AE64-7111BDB2BF0D}.Release|Any CPU.ActiveCfg = Release|Any CPU
		{061950B0-58AF-4AD5-AE64-7111BDB2BF0D}.Release|Any CPU.Build.0 = Release|Any CPU
		{46FBB50B-C8E4-4745-9CD4-7F7C63F27DCE}.Debug|Any CPU.ActiveCfg = Debug|Any CPU
		{46FBB50B-C8E4-4745-9CD4-7F7C63F27DCE}.Debug|Any CPU.Build.0 = Debug|Any CPU
		{46FBB50B-C8E4-4745-9CD4-7F7C63F27DCE}.Release|Any CPU.ActiveCfg = Release|Any CPU
		{46FBB50B-C8E4-4745-9CD4-7F7C63F27DCE}.Release|Any CPU.Build.0 = Release|Any CPU
		{9179C678-880A-43AF-89CF-B2E2CBC86110}.Debug|Any CPU.ActiveCfg = Debug|Any CPU
		{9179C678-880A-43AF-89CF-B2E2CBC86110}.Debug|Any CPU.Build.0 = Debug|Any CPU
		{9179C678-880A-43AF-89CF-B2E2CBC86110}.Release|Any CPU.ActiveCfg = Release|Any CPU
		{9179C678-880A-43AF-89CF-B2E2CBC86110}.Release|Any CPU.Build.0 = Release|Any CPU
		{AAECCE01-510C-4513-A019-E93426E9445F}.Debug|Any CPU.ActiveCfg = Debug|Any CPU
		{AAECCE01-510C-4513-A019-E93426E9445F}.Debug|Any CPU.Build.0 = Debug|Any CPU
		{AAECCE01-510C-4513-A019-E93426E9445F}.Release|Any CPU.ActiveCfg = Release|Any CPU
		{AAECCE01-510C-4513-A019-E93426E9445F}.Release|Any CPU.Build.0 = Release|Any CPU
		{6676C762-07B7-477B-8328-5505C117FCD2}.Debug|Any CPU.ActiveCfg = Debug|Any CPU
		{6676C762-07B7-477B-8328-5505C117FCD2}.Debug|Any CPU.Build.0 = Debug|Any CPU
		{6676C762-07B7-477B-8328-5505C117FCD2}.Release|Any CPU.ActiveCfg = Release|Any CPU
		{6676C762-07B7-477B-8328-5505C117FCD2}.Release|Any CPU.Build.0 = Release|Any CPU
		{9A1A6AA2-B6CE-4492-A30F-FBAB6F249A61}.Debug|Any CPU.ActiveCfg = Debug|Any CPU
		{9A1A6AA2-B6CE-4492-A30F-FBAB6F249A61}.Debug|Any CPU.Build.0 = Debug|Any CPU
		{9A1A6AA2-B6CE-4492-A30F-FBAB6F249A61}.Release|Any CPU.ActiveCfg = Release|Any CPU
		{9A1A6AA2-B6CE-4492-A30F-FBAB6F249A61}.Release|Any CPU.Build.0 = Release|Any CPU
		{14FAB7E0-0A6D-433C-9ADB-E9A50C323A2E}.Debug|Any CPU.ActiveCfg = Debug|Any CPU
		{14FAB7E0-0A6D-433C-9ADB-E9A50C323A2E}.Debug|Any CPU.Build.0 = Debug|Any CPU
		{14FAB7E0-0A6D-433C-9ADB-E9A50C323A2E}.Release|Any CPU.ActiveCfg = Release|Any CPU
		{14FAB7E0-0A6D-433C-9ADB-E9A50C323A2E}.Release|Any CPU.Build.0 = Release|Any CPU
		{9984FB55-2848-4D53-8BC8-1CC6EA2D0962}.Debug|Any CPU.ActiveCfg = Debug|Any CPU
		{9984FB55-2848-4D53-8BC8-1CC6EA2D0962}.Debug|Any CPU.Build.0 = Debug|Any CPU
		{9984FB55-2848-4D53-8BC8-1CC6EA2D0962}.Release|Any CPU.ActiveCfg = Release|Any CPU
		{9984FB55-2848-4D53-8BC8-1CC6EA2D0962}.Release|Any CPU.Build.0 = Release|Any CPU
		{A7F335D8-55DA-400B-A958-E43B9644D633}.Debug|Any CPU.ActiveCfg = Release|Any CPU
		{A7F335D8-55DA-400B-A958-E43B9644D633}.Debug|Any CPU.Build.0 = Release|Any CPU
		{A7F335D8-55DA-400B-A958-E43B9644D633}.Release|Any CPU.ActiveCfg = Release|Any CPU
		{A7F335D8-55DA-400B-A958-E43B9644D633}.Release|Any CPU.Build.0 = Release|Any CPU
		{E7F9EB35-23A9-46F4-AD3B-280D29A231DD}.Debug|Any CPU.ActiveCfg = Debug|Any CPU
		{E7F9EB35-23A9-46F4-AD3B-280D29A231DD}.Debug|Any CPU.Build.0 = Debug|Any CPU
		{E7F9EB35-23A9-46F4-AD3B-280D29A231DD}.Release|Any CPU.ActiveCfg = Release|Any CPU
		{E7F9EB35-23A9-46F4-AD3B-280D29A231DD}.Release|Any CPU.Build.0 = Release|Any CPU
		{875CBCCA-E986-4A89-9C5A-67846D5DEEEA}.Debug|Any CPU.ActiveCfg = Debug|Any CPU
		{875CBCCA-E986-4A89-9C5A-67846D5DEEEA}.Debug|Any CPU.Build.0 = Debug|Any CPU
		{875CBCCA-E986-4A89-9C5A-67846D5DEEEA}.Release|Any CPU.ActiveCfg = Release|Any CPU
		{875CBCCA-E986-4A89-9C5A-67846D5DEEEA}.Release|Any CPU.Build.0 = Release|Any CPU
		{466C8AFC-2677-4672-B2D1-AF8C815E0136}.Debug|Any CPU.ActiveCfg = Debug|Any CPU
		{466C8AFC-2677-4672-B2D1-AF8C815E0136}.Debug|Any CPU.Build.0 = Debug|Any CPU
		{466C8AFC-2677-4672-B2D1-AF8C815E0136}.Release|Any CPU.ActiveCfg = Release|Any CPU
		{466C8AFC-2677-4672-B2D1-AF8C815E0136}.Release|Any CPU.Build.0 = Release|Any CPU
		{560E1F24-71C6-44EC-AB63-55025CEFEBDB}.Debug|Any CPU.ActiveCfg = Debug|Any CPU
		{560E1F24-71C6-44EC-AB63-55025CEFEBDB}.Debug|Any CPU.Build.0 = Debug|Any CPU
		{560E1F24-71C6-44EC-AB63-55025CEFEBDB}.Release|Any CPU.ActiveCfg = Release|Any CPU
		{560E1F24-71C6-44EC-AB63-55025CEFEBDB}.Release|Any CPU.Build.0 = Release|Any CPU
		{C371CDD6-7F92-4338-AD0D-B5EE170A8ED5}.Debug|Any CPU.ActiveCfg = Debug|Any CPU
		{C371CDD6-7F92-4338-AD0D-B5EE170A8ED5}.Debug|Any CPU.Build.0 = Debug|Any CPU
		{C371CDD6-7F92-4338-AD0D-B5EE170A8ED5}.Release|Any CPU.ActiveCfg = Release|Any CPU
		{C371CDD6-7F92-4338-AD0D-B5EE170A8ED5}.Release|Any CPU.Build.0 = Release|Any CPU
		{22010BDF-7C29-4979-8A8C-E4861F337F89}.Debug|Any CPU.ActiveCfg = Debug|Any CPU
		{22010BDF-7C29-4979-8A8C-E4861F337F89}.Debug|Any CPU.Build.0 = Debug|Any CPU
		{22010BDF-7C29-4979-8A8C-E4861F337F89}.Release|Any CPU.ActiveCfg = Release|Any CPU
		{22010BDF-7C29-4979-8A8C-E4861F337F89}.Release|Any CPU.Build.0 = Release|Any CPU
		{7A53DD7F-8E01-4F05-B65F-600058017396}.Debug|Any CPU.ActiveCfg = Debug|Any CPU
		{7A53DD7F-8E01-4F05-B65F-600058017396}.Debug|Any CPU.Build.0 = Debug|Any CPU
		{7A53DD7F-8E01-4F05-B65F-600058017396}.Release|Any CPU.ActiveCfg = Release|Any CPU
		{7A53DD7F-8E01-4F05-B65F-600058017396}.Release|Any CPU.Build.0 = Release|Any CPU
		{00C0C63D-C137-40C6-82E3-74674D6E83FB}.Debug|Any CPU.ActiveCfg = Debug|Any CPU
		{00C0C63D-C137-40C6-82E3-74674D6E83FB}.Debug|Any CPU.Build.0 = Debug|Any CPU
		{00C0C63D-C137-40C6-82E3-74674D6E83FB}.Release|Any CPU.ActiveCfg = Release|Any CPU
		{00C0C63D-C137-40C6-82E3-74674D6E83FB}.Release|Any CPU.Build.0 = Release|Any CPU
		{BD0D96F4-7D9B-4DE2-A474-F42160DD9D92}.Debug|Any CPU.ActiveCfg = Debug|Any CPU
		{BD0D96F4-7D9B-4DE2-A474-F42160DD9D92}.Debug|Any CPU.Build.0 = Debug|Any CPU
		{BD0D96F4-7D9B-4DE2-A474-F42160DD9D92}.Release|Any CPU.ActiveCfg = Release|Any CPU
		{BD0D96F4-7D9B-4DE2-A474-F42160DD9D92}.Release|Any CPU.Build.0 = Release|Any CPU
		{2B6C1745-A6B4-4477-8AAC-B3275FDBC0FD}.Debug|Any CPU.ActiveCfg = Debug|Any CPU
		{2B6C1745-A6B4-4477-8AAC-B3275FDBC0FD}.Debug|Any CPU.Build.0 = Debug|Any CPU
		{2B6C1745-A6B4-4477-8AAC-B3275FDBC0FD}.Release|Any CPU.ActiveCfg = Release|Any CPU
		{2B6C1745-A6B4-4477-8AAC-B3275FDBC0FD}.Release|Any CPU.Build.0 = Release|Any CPU
		{C02F7693-D143-4039-AD2F-85CA64170708}.Debug|Any CPU.ActiveCfg = Debug|Any CPU
		{C02F7693-D143-4039-AD2F-85CA64170708}.Debug|Any CPU.Build.0 = Debug|Any CPU
		{C02F7693-D143-4039-AD2F-85CA64170708}.Release|Any CPU.ActiveCfg = Release|Any CPU
		{C02F7693-D143-4039-AD2F-85CA64170708}.Release|Any CPU.Build.0 = Release|Any CPU
		{9DD41CC0-16DC-4086-A9AE-76D342D269E3}.Debug|Any CPU.ActiveCfg = Debug|Any CPU
		{9DD41CC0-16DC-4086-A9AE-76D342D269E3}.Debug|Any CPU.Build.0 = Debug|Any CPU
		{9DD41CC0-16DC-4086-A9AE-76D342D269E3}.Release|Any CPU.ActiveCfg = Release|Any CPU
		{9DD41CC0-16DC-4086-A9AE-76D342D269E3}.Release|Any CPU.Build.0 = Release|Any CPU
		{8F94FFC1-9CB5-4414-9F61-D628C154E953}.Debug|Any CPU.ActiveCfg = Release|Any CPU
		{8F94FFC1-9CB5-4414-9F61-D628C154E953}.Debug|Any CPU.Build.0 = Release|Any CPU
		{8F94FFC1-9CB5-4414-9F61-D628C154E953}.Release|Any CPU.ActiveCfg = Release|Any CPU
		{8F94FFC1-9CB5-4414-9F61-D628C154E953}.Release|Any CPU.Build.0 = Release|Any CPU
		{B172CCC1-A2AB-4AF1-B84B-54B35CFF66B9}.Debug|Any CPU.ActiveCfg = Debug|Any CPU
		{B172CCC1-A2AB-4AF1-B84B-54B35CFF66B9}.Debug|Any CPU.Build.0 = Debug|Any CPU
		{B172CCC1-A2AB-4AF1-B84B-54B35CFF66B9}.Release|Any CPU.ActiveCfg = Release|Any CPU
		{B172CCC1-A2AB-4AF1-B84B-54B35CFF66B9}.Release|Any CPU.Build.0 = Release|Any CPU
		{283964D3-680D-4A2B-9C7D-2BB23ED83600}.Debug|Any CPU.ActiveCfg = Debug|Any CPU
		{283964D3-680D-4A2B-9C7D-2BB23ED83600}.Debug|Any CPU.Build.0 = Debug|Any CPU
		{283964D3-680D-4A2B-9C7D-2BB23ED83600}.Release|Any CPU.ActiveCfg = Release|Any CPU
		{283964D3-680D-4A2B-9C7D-2BB23ED83600}.Release|Any CPU.Build.0 = Release|Any CPU
	EndGlobalSection
	GlobalSection(SolutionProperties) = preSolution
		HideSolutionNode = FALSE
	EndGlobalSection
	GlobalSection(NestedProjects) = preSolution
		{454DAFBD-10D0-4D16-8D9C-390800FF611D} = {8BEE2EDB-AFBE-40B2-B10B-BF45A1335208}
		{061950B0-58AF-4AD5-AE64-7111BDB2BF0D} = {CA35389C-A6AB-4CCA-9C0C-FB3357D708A0}
		{46FBB50B-C8E4-4745-9CD4-7F7C63F27DCE} = {CA35389C-A6AB-4CCA-9C0C-FB3357D708A0}
		{9179C678-880A-43AF-89CF-B2E2CBC86110} = {8BEE2EDB-AFBE-40B2-B10B-BF45A1335208}
		{AAECCE01-510C-4513-A019-E93426E9445F} = {8BEE2EDB-AFBE-40B2-B10B-BF45A1335208}
		{6676C762-07B7-477B-8328-5505C117FCD2} = {8BEE2EDB-AFBE-40B2-B10B-BF45A1335208}
		{9A1A6AA2-B6CE-4492-A30F-FBAB6F249A61} = {8BEE2EDB-AFBE-40B2-B10B-BF45A1335208}
		{14FAB7E0-0A6D-433C-9ADB-E9A50C323A2E} = {8BEE2EDB-AFBE-40B2-B10B-BF45A1335208}
		{9984FB55-2848-4D53-8BC8-1CC6EA2D0962} = {CA35389C-A6AB-4CCA-9C0C-FB3357D708A0}
		{A7F335D8-55DA-400B-A958-E43B9644D633} = {8BEE2EDB-AFBE-40B2-B10B-BF45A1335208}
		{E7F9EB35-23A9-46F4-AD3B-280D29A231DD} = {8BEE2EDB-AFBE-40B2-B10B-BF45A1335208}
		{875CBCCA-E986-4A89-9C5A-67846D5DEEEA} = {B53A62BA-F808-461D-904B-657C3AD99F28}
		{466C8AFC-2677-4672-B2D1-AF8C815E0136} = {8BEE2EDB-AFBE-40B2-B10B-BF45A1335208}
		{560E1F24-71C6-44EC-AB63-55025CEFEBDB} = {CA35389C-A6AB-4CCA-9C0C-FB3357D708A0}
		{C371CDD6-7F92-4338-AD0D-B5EE170A8ED5} = {8BEE2EDB-AFBE-40B2-B10B-BF45A1335208}
		{22010BDF-7C29-4979-8A8C-E4861F337F89} = {8BEE2EDB-AFBE-40B2-B10B-BF45A1335208}
		{7A53DD7F-8E01-4F05-B65F-600058017396} = {8BEE2EDB-AFBE-40B2-B10B-BF45A1335208}
		{00C0C63D-C137-40C6-82E3-74674D6E83FB} = {B53A62BA-F808-461D-904B-657C3AD99F28}
		{BD0D96F4-7D9B-4DE2-A474-F42160DD9D92} = {8BEE2EDB-AFBE-40B2-B10B-BF45A1335208}
		{2B6C1745-A6B4-4477-8AAC-B3275FDBC0FD} = {CA35389C-A6AB-4CCA-9C0C-FB3357D708A0}
		{C02F7693-D143-4039-AD2F-85CA64170708} = {8BEE2EDB-AFBE-40B2-B10B-BF45A1335208}
		{9DD41CC0-16DC-4086-A9AE-76D342D269E3} = {8BEE2EDB-AFBE-40B2-B10B-BF45A1335208}
		{8F94FFC1-9CB5-4414-9F61-D628C154E953} = {8BEE2EDB-AFBE-40B2-B10B-BF45A1335208}
		{B172CCC1-A2AB-4AF1-B84B-54B35CFF66B9} = {8BEE2EDB-AFBE-40B2-B10B-BF45A1335208}
		{B6C0E962-8124-43A7-B656-56B3D8435EA9} = {8BEE2EDB-AFBE-40B2-B10B-BF45A1335208}
		{283964D3-680D-4A2B-9C7D-2BB23ED83600} = {B6C0E962-8124-43A7-B656-56B3D8435EA9}
	EndGlobalSection
	GlobalSection(ExtensibilityGlobals) = postSolution
		SolutionGuid = {0DBEB0F0-6457-4ACB-AE0F-750843B1232C}
	EndGlobalSection
EndGlobal
