
Microsoft Visual Studio Solution File, Format Version 12.00
# Visual Studio Version 17
VisualStudioVersion = 17.3.32825.248
MinimumVisualStudioVersion = 10.0.40219.1
Project("{2150E333-8FDC-42A3-9474-1A3956D46DE8}") = "Solution Items", "Solution Items", "{951BCD53-09E1-4548-9E24-BF658E76E2F6}"
	ProjectSection(SolutionItems) = preProject
		Scripts\NorthContactst.sql = Scripts\NorthContactst.sql
		readme.md = readme.md
		ReverseEngineer.md = ReverseEngineer.md
	EndProjectSection
EndProject
Project("{9A19103F-16F7-4668-BE54-9A1E7A4F7556}") = "ParameterizingValuesApp", "ParameterizingValuesApp\ParameterizingValuesApp.csproj", "{454DAFBD-10D0-4D16-8D9C-390800FF611D}"
EndProject
Project("{2150E333-8FDC-42A3-9474-1A3956D46DE8}") = "Class projects", "Class projects", "{CA35389C-A6AB-4CCA-9C0C-FB3357D708A0}"
EndProject
Project("{9A19103F-16F7-4668-BE54-9A1E7A4F7556}") = "EntityFrameworkCoreHelpers", "EntityFrameworkCoreHelpers\EntityFrameworkCoreHelpers.csproj", "{061950B0-58AF-4AD5-AE64-7111BDB2BF0D}"
EndProject
Project("{9A19103F-16F7-4668-BE54-9A1E7A4F7556}") = "EntityCore5Extensions", "EntityCore5Extensions\EntityCore5Extensions.csproj", "{46FBB50B-C8E4-4745-9CD4-7F7C63F27DCE}"
EndProject
Project("{9A19103F-16F7-4668-BE54-9A1E7A4F7556}") = "ModelCommentsApp", "ModelCommentsApp\ModelCommentsApp.csproj", "{9179C678-880A-43AF-89CF-B2E2CBC86110}"
EndProject
Project("{9A19103F-16F7-4668-BE54-9A1E7A4F7556}") = "ColumnOrderFromMicrosoftApp", "ColumnOrderFromMicrosoftApp\ColumnOrderFromMicrosoftApp.csproj", "{AAECCE01-510C-4513-A019-E93426E9445F}"
EndProject
Project("{9A19103F-16F7-4668-BE54-9A1E7A4F7556}") = "NorthWindContactsApp", "NorthWindContactsApp\NorthWindContactsApp.csproj", "{6676C762-07B7-477B-8328-5505C117FCD2}"
EndProject
Project("{9A19103F-16F7-4668-BE54-9A1E7A4F7556}") = "ModelCommentsApp1", "ModelCommentsApp1\ModelCommentsApp1.csproj", "{9A1A6AA2-B6CE-4492-A30F-FBAB6F249A61}"
EndProject
Project("{FAE04EC0-301F-11D3-BF4B-00C04F79EFBC}") = "LoggingOptionsApp", "LoggingOptionsApp\LoggingOptionsApp.csproj", "{14FAB7E0-0A6D-433C-9ADB-E9A50C323A2E}"
EndProject
Project("{FAE04EC0-301F-11D3-BF4B-00C04F79EFBC}") = "ExtensionsLibrary", "ExtensionsLibrary\ExtensionsLibrary.csproj", "{9984FB55-2848-4D53-8BC8-1CC6EA2D0962}"
EndProject
Global
	GlobalSection(SolutionConfigurationPlatforms) = preSolution
		Debug|Any CPU = Debug|Any CPU
		Release|Any CPU = Release|Any CPU
	EndGlobalSection
	GlobalSection(ProjectConfigurationPlatforms) = postSolution
		{454DAFBD-10D0-4D16-8D9C-390800FF611D}.Debug|Any CPU.ActiveCfg = Debug|Any CPU
		{454DAFBD-10D0-4D16-8D9C-390800FF611D}.Debug|Any CPU.Build.0 = Debug|Any CPU
		{454DAFBD-10D0-4D16-8D9C-390800FF611D}.Release|Any CPU.ActiveCfg = Release|Any CPU
		{454DAFBD-10D0-4D16-8D9C-390800FF611D}.Release|Any CPU.Build.0 = Release|Any CPU
		{061950B0-58AF-4AD5-AE64-7111BDB2BF0D}.Debug|Any CPU.ActiveCfg = Debug|Any CPU
		{061950B0-58AF-4AD5-AE64-7111BDB2BF0D}.Debug|Any CPU.Build.0 = Debug|Any CPU
		{061950B0-58AF-4AD5-AE64-7111BDB2BF0D}.Release|Any CPU.ActiveCfg = Release|Any CPU
		{061950B0-58AF-4AD5-AE64-7111BDB2BF0D}.Release|Any CPU.Build.0 = Release|Any CPU
		{46FBB50B-C8E4-4745-9CD4-7F7C63F27DCE}.Debug|Any CPU.ActiveCfg = Debug|Any CPU
		{46FBB50B-C8E4-4745-9CD4-7F7C63F27DCE}.Debug|Any CPU.Build.0 = Debug|Any CPU
		{46FBB50B-C8E4-4745-9CD4-7F7C63F27DCE}.Release|Any CPU.ActiveCfg = Release|Any CPU
		{46FBB50B-C8E4-4745-9CD4-7F7C63F27DCE}.Release|Any CPU.Build.0 = Release|Any CPU
		{9179C678-880A-43AF-89CF-B2E2CBC86110}.Debug|Any CPU.ActiveCfg = Debug|Any CPU
		{9179C678-880A-43AF-89CF-B2E2CBC86110}.Debug|Any CPU.Build.0 = Debug|Any CPU
		{9179C678-880A-43AF-89CF-B2E2CBC86110}.Release|Any CPU.ActiveCfg = Release|Any CPU
		{9179C678-880A-43AF-89CF-B2E2CBC86110}.Release|Any CPU.Build.0 = Release|Any CPU
		{AAECCE01-510C-4513-A019-E93426E9445F}.Debug|Any CPU.ActiveCfg = Debug|Any CPU
		{AAECCE01-510C-4513-A019-E93426E9445F}.Debug|Any CPU.Build.0 = Debug|Any CPU
		{AAECCE01-510C-4513-A019-E93426E9445F}.Release|Any CPU.ActiveCfg = Release|Any CPU
		{AAECCE01-510C-4513-A019-E93426E9445F}.Release|Any CPU.Build.0 = Release|Any CPU
		{6676C762-07B7-477B-8328-5505C117FCD2}.Debug|Any CPU.ActiveCfg = Debug|Any CPU
		{6676C762-07B7-477B-8328-5505C117FCD2}.Debug|Any CPU.Build.0 = Debug|Any CPU
		{6676C762-07B7-477B-8328-5505C117FCD2}.Release|Any CPU.ActiveCfg = Release|Any CPU
		{6676C762-07B7-477B-8328-5505C117FCD2}.Release|Any CPU.Build.0 = Release|Any CPU
		{9A1A6AA2-B6CE-4492-A30F-FBAB6F249A61}.Debug|Any CPU.ActiveCfg = Debug|Any CPU
		{9A1A6AA2-B6CE-4492-A30F-FBAB6F249A61}.Debug|Any CPU.Build.0 = Debug|Any CPU
		{9A1A6AA2-B6CE-4492-A30F-FBAB6F249A61}.Release|Any CPU.ActiveCfg = Release|Any CPU
		{9A1A6AA2-B6CE-4492-A30F-FBAB6F249A61}.Release|Any CPU.Build.0 = Release|Any CPU
		{14FAB7E0-0A6D-433C-9ADB-E9A50C323A2E}.Debug|Any CPU.ActiveCfg = Debug|Any CPU
		{14FAB7E0-0A6D-433C-9ADB-E9A50C323A2E}.Debug|Any CPU.Build.0 = Debug|Any CPU
		{14FAB7E0-0A6D-433C-9ADB-E9A50C323A2E}.Release|Any CPU.ActiveCfg = Release|Any CPU
		{14FAB7E0-0A6D-433C-9ADB-E9A50C323A2E}.Release|Any CPU.Build.0 = Release|Any CPU
		{9984FB55-2848-4D53-8BC8-1CC6EA2D0962}.Debug|Any CPU.ActiveCfg = Debug|Any CPU
		{9984FB55-2848-4D53-8BC8-1CC6EA2D0962}.Debug|Any CPU.Build.0 = Debug|Any CPU
		{9984FB55-2848-4D53-8BC8-1CC6EA2D0962}.Release|Any CPU.ActiveCfg = Release|Any CPU
		{9984FB55-2848-4D53-8BC8-1CC6EA2D0962}.Release|Any CPU.Build.0 = Release|Any CPU
	EndGlobalSection
	GlobalSection(SolutionProperties) = preSolution
		HideSolutionNode = FALSE
	EndGlobalSection
	GlobalSection(NestedProjects) = preSolution
		{061950B0-58AF-4AD5-AE64-7111BDB2BF0D} = {CA35389C-A6AB-4CCA-9C0C-FB3357D708A0}
		{46FBB50B-C8E4-4745-9CD4-7F7C63F27DCE} = {CA35389C-A6AB-4CCA-9C0C-FB3357D708A0}
		{9984FB55-2848-4D53-8BC8-1CC6EA2D0962} = {CA35389C-A6AB-4CCA-9C0C-FB3357D708A0}
	EndGlobalSection
	GlobalSection(ExtensibilityGlobals) = postSolution
		SolutionGuid = {0DBEB0F0-6457-4ACB-AE0F-750843B1232C}
	EndGlobalSection
EndGlobal
